
Microsoft Visual Studio Solution File, Format Version 12.00
# Visual Studio Version 17
VisualStudioVersion = 17.9.34902.65
MinimumVisualStudioVersion = 10.0.40219.1
Project("{FAE04EC0-301F-11D3-BF4B-00C04F79EFBC}") = "QuanLySinhVienDB", "QuanLySinhVienDB.csproj", "{A91B93A9-FC8C-4872-9777-9D3EF8EFE9FD}"
EndProject
Global
	GlobalSection(SolutionConfigurationPlatforms) = preSolution
		Debug|Any CPU = Debug|Any CPU
		Release|Any CPU = Release|Any CPU
	EndGlobalSection
	GlobalSection(ProjectConfigurationPlatforms) = postSolution
		{A91B93A9-FC8C-4872-9777-9D3EF8EFE9FD}.Debug|Any CPU.ActiveCfg = Debug|Any CPU
		{A91B93A9-FC8C-4872-9777-9D3EF8EFE9FD}.Debug|Any CPU.Build.0 = Debug|Any CPU
		{A91B93A9-FC8C-4872-9777-9D3EF8EFE9FD}.Release|Any CPU.ActiveCfg = Release|Any CPU
		{A91B93A9-FC8C-4872-9777-9D3EF8EFE9FD}.Release|Any CPU.Build.0 = Release|Any CPU
	EndGlobalSection
	GlobalSection(SolutionProperties) = preSolution
		HideSolutionNode = FALSE
	EndGlobalSection
	GlobalSection(ExtensibilityGlobals) = postSolution
		SolutionGuid = {4DD81518-AD44-4C23-A8F2-39A0B0DB34B9}
	EndGlobalSection
EndGlobal
